// !$*UTF8*$!
{
	archiveVersion = 1;
	classes = {
	};
	objectVersion = 56;
	objects = {

/* Begin PBXBuildFile section */
		2080335D2A904ACA009298E0 /* SelkhyApp.swift in Sources */ = {isa = PBXBuildFile; fileRef = 2080335C2A904ACA009298E0 /* SelkhyApp.swift */; };
		2080335F2A904ACA009298E0 /* ContentView.swift in Sources */ = {isa = PBXBuildFile; fileRef = 2080335E2A904ACA009298E0 /* ContentView.swift */; };
		208033612A904ACC009298E0 /* Assets.xcassets in Resources */ = {isa = PBXBuildFile; fileRef = 208033602A904ACC009298E0 /* Assets.xcassets */; };
		208033642A904ACC009298E0 /* Preview Assets.xcassets in Resources */ = {isa = PBXBuildFile; fileRef = 208033632A904ACC009298E0 /* Preview Assets.xcassets */; };
		2080336E2A904ACC009298E0 /* SelkhyTests.swift in Sources */ = {isa = PBXBuildFile; fileRef = 2080336D2A904ACC009298E0 /* SelkhyTests.swift */; };
		208033782A904ACC009298E0 /* SelkhyUITests.swift in Sources */ = {isa = PBXBuildFile; fileRef = 208033772A904ACC009298E0 /* SelkhyUITests.swift */; };
		2080337A2A904ACC009298E0 /* SelkhyUITestsLaunchTests.swift in Sources */ = {isa = PBXBuildFile; fileRef = 208033792A904ACC009298E0 /* SelkhyUITestsLaunchTests.swift */; };
		208033892A90B667009298E0 /* MenuData.swift in Sources */ = {isa = PBXBuildFile; fileRef = 208033882A90B667009298E0 /* MenuData.swift */; };
		2080338D2A90C101009298E0 /* HomeView.swift in Sources */ = {isa = PBXBuildFile; fileRef = 2080338C2A90C101009298E0 /* HomeView.swift */; };
		208033922A90C663009298E0 /* MenuCell.swift in Sources */ = {isa = PBXBuildFile; fileRef = 208033912A90C663009298E0 /* MenuCell.swift */; };
		208033942A90C6C5009298E0 /* RankingCell.swift in Sources */ = {isa = PBXBuildFile; fileRef = 208033932A90C6C5009298E0 /* RankingCell.swift */; };
		876F90592A9056DB00F4466E /* RecipeView.swift in Sources */ = {isa = PBXBuildFile; fileRef = 876F90582A9056DB00F4466E /* RecipeView.swift */; };
		876F905B2A9056E900F4466E /* OrderView.swift in Sources */ = {isa = PBXBuildFile; fileRef = 876F905A2A9056E900F4466E /* OrderView.swift */; };
		876F905D2A9056FF00F4466E /* Menu.swift in Sources */ = {isa = PBXBuildFile; fileRef = 876F905C2A9056FF00F4466E /* Menu.swift */; };
		876F905F2A90570E00F4466E /* Recipe.swift in Sources */ = {isa = PBXBuildFile; fileRef = 876F905E2A90570E00F4466E /* Recipe.swift */; };
		876F90612A90578200F4466E /* Ingredient.swift in Sources */ = {isa = PBXBuildFile; fileRef = 876F90602A90578200F4466E /* Ingredient.swift */; };
		876F90632A9058E100F4466E /* Review.swift in Sources */ = {isa = PBXBuildFile; fileRef = 876F90622A9058E100F4466E /* Review.swift */; };
		876F90652A905E1B00F4466E /* Cook.swift in Sources */ = {isa = PBXBuildFile; fileRef = 876F90642A905E1B00F4466E /* Cook.swift */; };
		876F90672A90A1D800F4466E /* Launch Screen.storyboard in Resources */ = {isa = PBXBuildFile; fileRef = 876F90662A90A1D800F4466E /* Launch Screen.storyboard */; };
		F9BF4E052A90A3FD009D4624 /* Colors.swift in Sources */ = {isa = PBXBuildFile; fileRef = F9BF4E042A90A3FD009D4624 /* Colors.swift */; };
		F9BF4E0B2A90B8B9009D4624 /* ReviewView.swift in Sources */ = {isa = PBXBuildFile; fileRef = F9BF4E0A2A90B8B9009D4624 /* ReviewView.swift */; };
/* End PBXBuildFile section */

/* Begin PBXContainerItemProxy section */
		2080336A2A904ACC009298E0 /* PBXContainerItemProxy */ = {
			isa = PBXContainerItemProxy;
			containerPortal = 208033512A904ACA009298E0 /* Project object */;
			proxyType = 1;
			remoteGlobalIDString = 208033582A904ACA009298E0;
			remoteInfo = Selkhy;
		};
		208033742A904ACC009298E0 /* PBXContainerItemProxy */ = {
			isa = PBXContainerItemProxy;
			containerPortal = 208033512A904ACA009298E0 /* Project object */;
			proxyType = 1;
			remoteGlobalIDString = 208033582A904ACA009298E0;
			remoteInfo = Selkhy;
		};
/* End PBXContainerItemProxy section */

/* Begin PBXFileReference section */
		208033592A904ACA009298E0 /* Selkhy.app */ = {isa = PBXFileReference; explicitFileType = wrapper.application; includeInIndex = 0; path = Selkhy.app; sourceTree = BUILT_PRODUCTS_DIR; };
		2080335C2A904ACA009298E0 /* SelkhyApp.swift */ = {isa = PBXFileReference; lastKnownFileType = sourcecode.swift; path = SelkhyApp.swift; sourceTree = "<group>"; };
		2080335E2A904ACA009298E0 /* ContentView.swift */ = {isa = PBXFileReference; lastKnownFileType = sourcecode.swift; path = ContentView.swift; sourceTree = "<group>"; };
		208033602A904ACC009298E0 /* Assets.xcassets */ = {isa = PBXFileReference; lastKnownFileType = folder.assetcatalog; path = Assets.xcassets; sourceTree = "<group>"; };
		208033632A904ACC009298E0 /* Preview Assets.xcassets */ = {isa = PBXFileReference; lastKnownFileType = folder.assetcatalog; path = "Preview Assets.xcassets"; sourceTree = "<group>"; };
		208033692A904ACC009298E0 /* SelkhyTests.xctest */ = {isa = PBXFileReference; explicitFileType = wrapper.cfbundle; includeInIndex = 0; path = SelkhyTests.xctest; sourceTree = BUILT_PRODUCTS_DIR; };
		2080336D2A904ACC009298E0 /* SelkhyTests.swift */ = {isa = PBXFileReference; lastKnownFileType = sourcecode.swift; path = SelkhyTests.swift; sourceTree = "<group>"; };
		208033732A904ACC009298E0 /* SelkhyUITests.xctest */ = {isa = PBXFileReference; explicitFileType = wrapper.cfbundle; includeInIndex = 0; path = SelkhyUITests.xctest; sourceTree = BUILT_PRODUCTS_DIR; };
		208033772A904ACC009298E0 /* SelkhyUITests.swift */ = {isa = PBXFileReference; lastKnownFileType = sourcecode.swift; path = SelkhyUITests.swift; sourceTree = "<group>"; };
		208033792A904ACC009298E0 /* SelkhyUITestsLaunchTests.swift */ = {isa = PBXFileReference; lastKnownFileType = sourcecode.swift; path = SelkhyUITestsLaunchTests.swift; sourceTree = "<group>"; };
		208033882A90B667009298E0 /* MenuData.swift */ = {isa = PBXFileReference; lastKnownFileType = sourcecode.swift; path = MenuData.swift; sourceTree = "<group>"; };
		2080338C2A90C101009298E0 /* HomeView.swift */ = {isa = PBXFileReference; lastKnownFileType = sourcecode.swift; path = HomeView.swift; sourceTree = "<group>"; };
		208033912A90C663009298E0 /* MenuCell.swift */ = {isa = PBXFileReference; lastKnownFileType = sourcecode.swift; path = MenuCell.swift; sourceTree = "<group>"; };
		208033932A90C6C5009298E0 /* RankingCell.swift */ = {isa = PBXFileReference; lastKnownFileType = sourcecode.swift; path = RankingCell.swift; sourceTree = "<group>"; };
		876F90582A9056DB00F4466E /* RecipeView.swift */ = {isa = PBXFileReference; lastKnownFileType = sourcecode.swift; path = RecipeView.swift; sourceTree = "<group>"; };
		876F905A2A9056E900F4466E /* OrderView.swift */ = {isa = PBXFileReference; lastKnownFileType = sourcecode.swift; path = OrderView.swift; sourceTree = "<group>"; };
		876F905C2A9056FF00F4466E /* Menu.swift */ = {isa = PBXFileReference; lastKnownFileType = sourcecode.swift; path = Menu.swift; sourceTree = "<group>"; };
		876F905E2A90570E00F4466E /* Recipe.swift */ = {isa = PBXFileReference; lastKnownFileType = sourcecode.swift; path = Recipe.swift; sourceTree = "<group>"; };
		876F90602A90578200F4466E /* Ingredient.swift */ = {isa = PBXFileReference; lastKnownFileType = sourcecode.swift; path = Ingredient.swift; sourceTree = "<group>"; };
		876F90622A9058E100F4466E /* Review.swift */ = {isa = PBXFileReference; lastKnownFileType = sourcecode.swift; path = Review.swift; sourceTree = "<group>"; };
		876F90642A905E1B00F4466E /* Cook.swift */ = {isa = PBXFileReference; lastKnownFileType = sourcecode.swift; path = Cook.swift; sourceTree = "<group>"; };
		876F90662A90A1D800F4466E /* Launch Screen.storyboard */ = {isa = PBXFileReference; lastKnownFileType = file.storyboard; path = "Launch Screen.storyboard"; sourceTree = "<group>"; };
		F9BF4E042A90A3FD009D4624 /* Colors.swift */ = {isa = PBXFileReference; lastKnownFileType = sourcecode.swift; path = Colors.swift; sourceTree = "<group>"; };
		F9BF4E0A2A90B8B9009D4624 /* ReviewView.swift */ = {isa = PBXFileReference; lastKnownFileType = sourcecode.swift; path = ReviewView.swift; sourceTree = "<group>"; };
/* End PBXFileReference section */

/* Begin PBXFrameworksBuildPhase section */
		208033562A904ACA009298E0 /* Frameworks */ = {
			isa = PBXFrameworksBuildPhase;
			buildActionMask = 2147483647;
			files = (
			);
			runOnlyForDeploymentPostprocessing = 0;
		};
		208033662A904ACC009298E0 /* Frameworks */ = {
			isa = PBXFrameworksBuildPhase;
			buildActionMask = 2147483647;
			files = (
			);
			runOnlyForDeploymentPostprocessing = 0;
		};
		208033702A904ACC009298E0 /* Frameworks */ = {
			isa = PBXFrameworksBuildPhase;
			buildActionMask = 2147483647;
			files = (
			);
			runOnlyForDeploymentPostprocessing = 0;
		};
/* End PBXFrameworksBuildPhase section */

/* Begin PBXGroup section */
		208033502A904ACA009298E0 = {
			isa = PBXGroup;
			children = (
				2080335B2A904ACA009298E0 /* Selkhy */,
				2080336C2A904ACC009298E0 /* SelkhyTests */,
				208033762A904ACC009298E0 /* SelkhyUITests */,
				2080335A2A904ACA009298E0 /* Products */,
			);
			sourceTree = "<group>";
		};
		2080335A2A904ACA009298E0 /* Products */ = {
			isa = PBXGroup;
			children = (
				208033592A904ACA009298E0 /* Selkhy.app */,
				208033692A904ACC009298E0 /* SelkhyTests.xctest */,
				208033732A904ACC009298E0 /* SelkhyUITests.xctest */,
			);
			name = Products;
			sourceTree = "<group>";
		};
		2080335B2A904ACA009298E0 /* Selkhy */ = {
			isa = PBXGroup;
			children = (
				2080335C2A904ACA009298E0 /* SelkhyApp.swift */,
				876F90572A90568B00F4466E /* Models */,
				876F90562A90568500F4466E /* Views */,
				208033602A904ACC009298E0 /* Assets.xcassets */,
				208033622A904ACC009298E0 /* Preview Content */,
			);
			path = Selkhy;
			sourceTree = "<group>";
		};
		208033622A904ACC009298E0 /* Preview Content */ = {
			isa = PBXGroup;
			children = (
				208033632A904ACC009298E0 /* Preview Assets.xcassets */,
			);
			path = "Preview Content";
			sourceTree = "<group>";
		};
		2080336C2A904ACC009298E0 /* SelkhyTests */ = {
			isa = PBXGroup;
			children = (
				2080336D2A904ACC009298E0 /* SelkhyTests.swift */,
			);
			path = SelkhyTests;
			sourceTree = "<group>";
		};
		208033762A904ACC009298E0 /* SelkhyUITests */ = {
			isa = PBXGroup;
			children = (
				208033772A904ACC009298E0 /* SelkhyUITests.swift */,
				208033792A904ACC009298E0 /* SelkhyUITestsLaunchTests.swift */,
			);
			path = SelkhyUITests;
			sourceTree = "<group>";
		};
		2080338E2A90C123009298E0 /* Home */ = {
			isa = PBXGroup;
			children = (
				2080338C2A90C101009298E0 /* HomeView.swift */,
				208033912A90C663009298E0 /* MenuCell.swift */,
				208033932A90C6C5009298E0 /* RankingCell.swift */,
			);
			path = Home;
			sourceTree = "<group>";
		};
		876F90562A90568500F4466E /* Views */ = {
			isa = PBXGroup;
			children = (
				2080338E2A90C123009298E0 /* Home */,
				2080335E2A904ACA009298E0 /* ContentView.swift */,
				876F90582A9056DB00F4466E /* RecipeView.swift */,
				F9BF4E0A2A90B8B9009D4624 /* ReviewView.swift */,
				876F905A2A9056E900F4466E /* OrderView.swift */,
				876F90662A90A1D800F4466E /* Launch Screen.storyboard */,
			);
			path = Views;
			sourceTree = "<group>";
		};
		876F90572A90568B00F4466E /* Models */ = {
			isa = PBXGroup;
			children = (
				876F905C2A9056FF00F4466E /* Menu.swift */,
				876F905E2A90570E00F4466E /* Recipe.swift */,
				876F90622A9058E100F4466E /* Review.swift */,
				876F90602A90578200F4466E /* Ingredient.swift */,
				876F90642A905E1B00F4466E /* Cook.swift */,
				F9BF4E042A90A3FD009D4624 /* Colors.swift */,
				208033882A90B667009298E0 /* MenuData.swift */,
			);
			path = Models;
			sourceTree = "<group>";
		};
/* End PBXGroup section */

/* Begin PBXNativeTarget section */
		208033582A904ACA009298E0 /* Selkhy */ = {
			isa = PBXNativeTarget;
			buildConfigurationList = 2080337D2A904ACC009298E0 /* Build configuration list for PBXNativeTarget "Selkhy" */;
			buildPhases = (
				208033552A904ACA009298E0 /* Sources */,
				208033562A904ACA009298E0 /* Frameworks */,
				208033572A904ACA009298E0 /* Resources */,
			);
			buildRules = (
			);
			dependencies = (
			);
			name = Selkhy;
			productName = Selkhy;
			productReference = 208033592A904ACA009298E0 /* Selkhy.app */;
			productType = "com.apple.product-type.application";
		};
		208033682A904ACC009298E0 /* SelkhyTests */ = {
			isa = PBXNativeTarget;
			buildConfigurationList = 208033802A904ACC009298E0 /* Build configuration list for PBXNativeTarget "SelkhyTests" */;
			buildPhases = (
				208033652A904ACC009298E0 /* Sources */,
				208033662A904ACC009298E0 /* Frameworks */,
				208033672A904ACC009298E0 /* Resources */,
			);
			buildRules = (
			);
			dependencies = (
				2080336B2A904ACC009298E0 /* PBXTargetDependency */,
			);
			name = SelkhyTests;
			productName = SelkhyTests;
			productReference = 208033692A904ACC009298E0 /* SelkhyTests.xctest */;
			productType = "com.apple.product-type.bundle.unit-test";
		};
		208033722A904ACC009298E0 /* SelkhyUITests */ = {
			isa = PBXNativeTarget;
			buildConfigurationList = 208033832A904ACC009298E0 /* Build configuration list for PBXNativeTarget "SelkhyUITests" */;
			buildPhases = (
				2080336F2A904ACC009298E0 /* Sources */,
				208033702A904ACC009298E0 /* Frameworks */,
				208033712A904ACC009298E0 /* Resources */,
			);
			buildRules = (
			);
			dependencies = (
				208033752A904ACC009298E0 /* PBXTargetDependency */,
			);
			name = SelkhyUITests;
			productName = SelkhyUITests;
			productReference = 208033732A904ACC009298E0 /* SelkhyUITests.xctest */;
			productType = "com.apple.product-type.bundle.ui-testing";
		};
/* End PBXNativeTarget section */

/* Begin PBXProject section */
		208033512A904ACA009298E0 /* Project object */ = {
			isa = PBXProject;
			attributes = {
				BuildIndependentTargetsInParallel = 1;
				LastSwiftUpdateCheck = 1430;
				LastUpgradeCheck = 1430;
				TargetAttributes = {
					208033582A904ACA009298E0 = {
						CreatedOnToolsVersion = 14.3;
					};
					208033682A904ACC009298E0 = {
						CreatedOnToolsVersion = 14.3;
						TestTargetID = 208033582A904ACA009298E0;
					};
					208033722A904ACC009298E0 = {
						CreatedOnToolsVersion = 14.3;
						TestTargetID = 208033582A904ACA009298E0;
					};
				};
			};
			buildConfigurationList = 208033542A904ACA009298E0 /* Build configuration list for PBXProject "Selkhy" */;
			compatibilityVersion = "Xcode 14.0";
			developmentRegion = en;
			hasScannedForEncodings = 0;
			knownRegions = (
				en,
				Base,
			);
			mainGroup = 208033502A904ACA009298E0;
			productRefGroup = 2080335A2A904ACA009298E0 /* Products */;
			projectDirPath = "";
			projectRoot = "";
			targets = (
				208033582A904ACA009298E0 /* Selkhy */,
				208033682A904ACC009298E0 /* SelkhyTests */,
				208033722A904ACC009298E0 /* SelkhyUITests */,
			);
		};
/* End PBXProject section */

/* Begin PBXResourcesBuildPhase section */
		208033572A904ACA009298E0 /* Resources */ = {
			isa = PBXResourcesBuildPhase;
			buildActionMask = 2147483647;
			files = (
				876F90672A90A1D800F4466E /* Launch Screen.storyboard in Resources */,
				208033642A904ACC009298E0 /* Preview Assets.xcassets in Resources */,
				208033612A904ACC009298E0 /* Assets.xcassets in Resources */,
			);
			runOnlyForDeploymentPostprocessing = 0;
		};
		208033672A904ACC009298E0 /* Resources */ = {
			isa = PBXResourcesBuildPhase;
			buildActionMask = 2147483647;
			files = (
			);
			runOnlyForDeploymentPostprocessing = 0;
		};
		208033712A904ACC009298E0 /* Resources */ = {
			isa = PBXResourcesBuildPhase;
			buildActionMask = 2147483647;
			files = (
			);
			runOnlyForDeploymentPostprocessing = 0;
		};
/* End PBXResourcesBuildPhase section */

/* Begin PBXSourcesBuildPhase section */
		208033552A904ACA009298E0 /* Sources */ = {
			isa = PBXSourcesBuildPhase;
			buildActionMask = 2147483647;
			files = (
				208033922A90C663009298E0 /* MenuCell.swift in Sources */,
				876F90652A905E1B00F4466E /* Cook.swift in Sources */,
				F9BF4E052A90A3FD009D4624 /* Colors.swift in Sources */,
				2080338D2A90C101009298E0 /* HomeView.swift in Sources */,
				876F90612A90578200F4466E /* Ingredient.swift in Sources */,
				876F90632A9058E100F4466E /* Review.swift in Sources */,
				208033892A90B667009298E0 /* MenuData.swift in Sources */,
				F9BF4E0B2A90B8B9009D4624 /* ReviewView.swift in Sources */,
				876F90592A9056DB00F4466E /* RecipeView.swift in Sources */,
				208033942A90C6C5009298E0 /* RankingCell.swift in Sources */,
				876F905B2A9056E900F4466E /* OrderView.swift in Sources */,
				2080335F2A904ACA009298E0 /* ContentView.swift in Sources */,
				876F905F2A90570E00F4466E /* Recipe.swift in Sources */,
				2080335D2A904ACA009298E0 /* SelkhyApp.swift in Sources */,
				876F905D2A9056FF00F4466E /* Menu.swift in Sources */,
			);
			runOnlyForDeploymentPostprocessing = 0;
		};
		208033652A904ACC009298E0 /* Sources */ = {
			isa = PBXSourcesBuildPhase;
			buildActionMask = 2147483647;
			files = (
				2080336E2A904ACC009298E0 /* SelkhyTests.swift in Sources */,
			);
			runOnlyForDeploymentPostprocessing = 0;
		};
		2080336F2A904ACC009298E0 /* Sources */ = {
			isa = PBXSourcesBuildPhase;
			buildActionMask = 2147483647;
			files = (
				2080337A2A904ACC009298E0 /* SelkhyUITestsLaunchTests.swift in Sources */,
				208033782A904ACC009298E0 /* SelkhyUITests.swift in Sources */,
			);
			runOnlyForDeploymentPostprocessing = 0;
		};
/* End PBXSourcesBuildPhase section */

/* Begin PBXTargetDependency section */
		2080336B2A904ACC009298E0 /* PBXTargetDependency */ = {
			isa = PBXTargetDependency;
			target = 208033582A904ACA009298E0 /* Selkhy */;
			targetProxy = 2080336A2A904ACC009298E0 /* PBXContainerItemProxy */;
		};
		208033752A904ACC009298E0 /* PBXTargetDependency */ = {
			isa = PBXTargetDependency;
			target = 208033582A904ACA009298E0 /* Selkhy */;
			targetProxy = 208033742A904ACC009298E0 /* PBXContainerItemProxy */;
		};
/* End PBXTargetDependency section */

/* Begin XCBuildConfiguration section */
		2080337B2A904ACC009298E0 /* Debug */ = {
			isa = XCBuildConfiguration;
			buildSettings = {
				ALWAYS_SEARCH_USER_PATHS = NO;
				CLANG_ANALYZER_NONNULL = YES;
				CLANG_ANALYZER_NUMBER_OBJECT_CONVERSION = YES_AGGRESSIVE;
				CLANG_CXX_LANGUAGE_STANDARD = "gnu++20";
				CLANG_ENABLE_MODULES = YES;
				CLANG_ENABLE_OBJC_ARC = YES;
				CLANG_ENABLE_OBJC_WEAK = YES;
				CLANG_WARN_BLOCK_CAPTURE_AUTORELEASING = YES;
				CLANG_WARN_BOOL_CONVERSION = YES;
				CLANG_WARN_COMMA = YES;
				CLANG_WARN_CONSTANT_CONVERSION = YES;
				CLANG_WARN_DEPRECATED_OBJC_IMPLEMENTATIONS = YES;
				CLANG_WARN_DIRECT_OBJC_ISA_USAGE = YES_ERROR;
				CLANG_WARN_DOCUMENTATION_COMMENTS = YES;
				CLANG_WARN_EMPTY_BODY = YES;
				CLANG_WARN_ENUM_CONVERSION = YES;
				CLANG_WARN_INFINITE_RECURSION = YES;
				CLANG_WARN_INT_CONVERSION = YES;
				CLANG_WARN_NON_LITERAL_NULL_CONVERSION = YES;
				CLANG_WARN_OBJC_IMPLICIT_RETAIN_SELF = YES;
				CLANG_WARN_OBJC_LITERAL_CONVERSION = YES;
				CLANG_WARN_OBJC_ROOT_CLASS = YES_ERROR;
				CLANG_WARN_QUOTED_INCLUDE_IN_FRAMEWORK_HEADER = YES;
				CLANG_WARN_RANGE_LOOP_ANALYSIS = YES;
				CLANG_WARN_STRICT_PROTOTYPES = YES;
				CLANG_WARN_SUSPICIOUS_MOVE = YES;
				CLANG_WARN_UNGUARDED_AVAILABILITY = YES_AGGRESSIVE;
				CLANG_WARN_UNREACHABLE_CODE = YES;
				CLANG_WARN__DUPLICATE_METHOD_MATCH = YES;
				COPY_PHASE_STRIP = NO;
				DEBUG_INFORMATION_FORMAT = dwarf;
				ENABLE_STRICT_OBJC_MSGSEND = YES;
				ENABLE_TESTABILITY = YES;
				GCC_C_LANGUAGE_STANDARD = gnu11;
				GCC_DYNAMIC_NO_PIC = NO;
				GCC_NO_COMMON_BLOCKS = YES;
				GCC_OPTIMIZATION_LEVEL = 0;
				GCC_PREPROCESSOR_DEFINITIONS = (
					"DEBUG=1",
					"$(inherited)",
				);
				GCC_WARN_64_TO_32_BIT_CONVERSION = YES;
				GCC_WARN_ABOUT_RETURN_TYPE = YES_ERROR;
				GCC_WARN_UNDECLARED_SELECTOR = YES;
				GCC_WARN_UNINITIALIZED_AUTOS = YES_AGGRESSIVE;
				GCC_WARN_UNUSED_FUNCTION = YES;
				GCC_WARN_UNUSED_VARIABLE = YES;
				IPHONEOS_DEPLOYMENT_TARGET = 16.4;
				MTL_ENABLE_DEBUG_INFO = INCLUDE_SOURCE;
				MTL_FAST_MATH = YES;
				ONLY_ACTIVE_ARCH = YES;
				SDKROOT = iphoneos;
				SWIFT_ACTIVE_COMPILATION_CONDITIONS = DEBUG;
				SWIFT_OPTIMIZATION_LEVEL = "-Onone";
			};
			name = Debug;
		};
		2080337C2A904ACC009298E0 /* Release */ = {
			isa = XCBuildConfiguration;
			buildSettings = {
				ALWAYS_SEARCH_USER_PATHS = NO;
				CLANG_ANALYZER_NONNULL = YES;
				CLANG_ANALYZER_NUMBER_OBJECT_CONVERSION = YES_AGGRESSIVE;
				CLANG_CXX_LANGUAGE_STANDARD = "gnu++20";
				CLANG_ENABLE_MODULES = YES;
				CLANG_ENABLE_OBJC_ARC = YES;
				CLANG_ENABLE_OBJC_WEAK = YES;
				CLANG_WARN_BLOCK_CAPTURE_AUTORELEASING = YES;
				CLANG_WARN_BOOL_CONVERSION = YES;
				CLANG_WARN_COMMA = YES;
				CLANG_WARN_CONSTANT_CONVERSION = YES;
				CLANG_WARN_DEPRECATED_OBJC_IMPLEMENTATIONS = YES;
				CLANG_WARN_DIRECT_OBJC_ISA_USAGE = YES_ERROR;
				CLANG_WARN_DOCUMENTATION_COMMENTS = YES;
				CLANG_WARN_EMPTY_BODY = YES;
				CLANG_WARN_ENUM_CONVERSION = YES;
				CLANG_WARN_INFINITE_RECURSION = YES;
				CLANG_WARN_INT_CONVERSION = YES;
				CLANG_WARN_NON_LITERAL_NULL_CONVERSION = YES;
				CLANG_WARN_OBJC_IMPLICIT_RETAIN_SELF = YES;
				CLANG_WARN_OBJC_LITERAL_CONVERSION = YES;
				CLANG_WARN_OBJC_ROOT_CLASS = YES_ERROR;
				CLANG_WARN_QUOTED_INCLUDE_IN_FRAMEWORK_HEADER = YES;
				CLANG_WARN_RANGE_LOOP_ANALYSIS = YES;
				CLANG_WARN_STRICT_PROTOTYPES = YES;
				CLANG_WARN_SUSPICIOUS_MOVE = YES;
				CLANG_WARN_UNGUARDED_AVAILABILITY = YES_AGGRESSIVE;
				CLANG_WARN_UNREACHABLE_CODE = YES;
				CLANG_WARN__DUPLICATE_METHOD_MATCH = YES;
				COPY_PHASE_STRIP = NO;
				DEBUG_INFORMATION_FORMAT = "dwarf-with-dsym";
				ENABLE_NS_ASSERTIONS = NO;
				ENABLE_STRICT_OBJC_MSGSEND = YES;
				GCC_C_LANGUAGE_STANDARD = gnu11;
				GCC_NO_COMMON_BLOCKS = YES;
				GCC_WARN_64_TO_32_BIT_CONVERSION = YES;
				GCC_WARN_ABOUT_RETURN_TYPE = YES_ERROR;
				GCC_WARN_UNDECLARED_SELECTOR = YES;
				GCC_WARN_UNINITIALIZED_AUTOS = YES_AGGRESSIVE;
				GCC_WARN_UNUSED_FUNCTION = YES;
				GCC_WARN_UNUSED_VARIABLE = YES;
				IPHONEOS_DEPLOYMENT_TARGET = 16.4;
				MTL_ENABLE_DEBUG_INFO = NO;
				MTL_FAST_MATH = YES;
				SDKROOT = iphoneos;
				SWIFT_COMPILATION_MODE = wholemodule;
				SWIFT_OPTIMIZATION_LEVEL = "-O";
				VALIDATE_PRODUCT = YES;
			};
			name = Release;
		};
		2080337E2A904ACC009298E0 /* Debug */ = {
			isa = XCBuildConfiguration;
			buildSettings = {
				ASSETCATALOG_COMPILER_APPICON_NAME = AppIcon;
				ASSETCATALOG_COMPILER_GLOBAL_ACCENT_COLOR_NAME = AccentColor;
				CODE_SIGN_STYLE = Automatic;
				CURRENT_PROJECT_VERSION = 1;
				DEVELOPMENT_ASSET_PATHS = "\"Selkhy/Preview Content\"";
				DEVELOPMENT_TEAM = Y6P5ZFWBM8;
				ENABLE_PREVIEWS = YES;
				GENERATE_INFOPLIST_FILE = YES;
				INFOPLIST_KEY_UIApplicationSceneManifest_Generation = YES;
				INFOPLIST_KEY_UIApplicationSupportsIndirectInputEvents = YES;
				INFOPLIST_KEY_UILaunchScreen_Generation = YES;
				INFOPLIST_KEY_UILaunchStoryboardName = "Launch Screen.storyboard";
				INFOPLIST_KEY_UISupportedInterfaceOrientations_iPad = "UIInterfaceOrientationPortrait UIInterfaceOrientationPortraitUpsideDown UIInterfaceOrientationLandscapeLeft UIInterfaceOrientationLandscapeRight";
				INFOPLIST_KEY_UISupportedInterfaceOrientations_iPhone = "UIInterfaceOrientationPortrait UIInterfaceOrientationLandscapeLeft UIInterfaceOrientationLandscapeRight";
				LD_RUNPATH_SEARCH_PATHS = (
					"$(inherited)",
					"@executable_path/Frameworks",
				);
				MARKETING_VERSION = 1.0;
				PRODUCT_BUNDLE_IDENTIFIER = com.Kyubo.Selkhy;
				PRODUCT_NAME = "$(TARGET_NAME)";
				SWIFT_EMIT_LOC_STRINGS = YES;
				SWIFT_VERSION = 5.0;
				TARGETED_DEVICE_FAMILY = "1,2";
			};
			name = Debug;
		};
		2080337F2A904ACC009298E0 /* Release */ = {
			isa = XCBuildConfiguration;
			buildSettings = {
				ASSETCATALOG_COMPILER_APPICON_NAME = AppIcon;
				ASSETCATALOG_COMPILER_GLOBAL_ACCENT_COLOR_NAME = AccentColor;
				CODE_SIGN_STYLE = Automatic;
				CURRENT_PROJECT_VERSION = 1;
				DEVELOPMENT_ASSET_PATHS = "\"Selkhy/Preview Content\"";
				DEVELOPMENT_TEAM = Y6P5ZFWBM8;
				ENABLE_PREVIEWS = YES;
				GENERATE_INFOPLIST_FILE = YES;
				INFOPLIST_KEY_UIApplicationSceneManifest_Generation = YES;
				INFOPLIST_KEY_UIApplicationSupportsIndirectInputEvents = YES;
				INFOPLIST_KEY_UILaunchScreen_Generation = YES;
				INFOPLIST_KEY_UILaunchStoryboardName = "Launch Screen.storyboard";
				INFOPLIST_KEY_UISupportedInterfaceOrientations_iPad = "UIInterfaceOrientationPortrait UIInterfaceOrientationPortraitUpsideDown UIInterfaceOrientationLandscapeLeft UIInterfaceOrientationLandscapeRight";
				INFOPLIST_KEY_UISupportedInterfaceOrientations_iPhone = "UIInterfaceOrientationPortrait UIInterfaceOrientationLandscapeLeft UIInterfaceOrientationLandscapeRight";
				LD_RUNPATH_SEARCH_PATHS = (
					"$(inherited)",
					"@executable_path/Frameworks",
				);
				MARKETING_VERSION = 1.0;
				PRODUCT_BUNDLE_IDENTIFIER = com.Kyubo.Selkhy;
				PRODUCT_NAME = "$(TARGET_NAME)";
				SWIFT_EMIT_LOC_STRINGS = YES;
				SWIFT_VERSION = 5.0;
				TARGETED_DEVICE_FAMILY = "1,2";
			};
			name = Release;
		};
		208033812A904ACC009298E0 /* Debug */ = {
			isa = XCBuildConfiguration;
			buildSettings = {
				ALWAYS_EMBED_SWIFT_STANDARD_LIBRARIES = YES;
				BUNDLE_LOADER = "$(TEST_HOST)";
				CODE_SIGN_STYLE = Automatic;
				CURRENT_PROJECT_VERSION = 1;
				DEVELOPMENT_TEAM = Y6P5ZFWBM8;
				GENERATE_INFOPLIST_FILE = YES;
				IPHONEOS_DEPLOYMENT_TARGET = 16.4;
				MARKETING_VERSION = 1.0;
				PRODUCT_BUNDLE_IDENTIFIER = com.Kyubo.SelkhyTests;
				PRODUCT_NAME = "$(TARGET_NAME)";
				SWIFT_EMIT_LOC_STRINGS = NO;
				SWIFT_VERSION = 5.0;
				TARGETED_DEVICE_FAMILY = "1,2";
				TEST_HOST = "$(BUILT_PRODUCTS_DIR)/Selkhy.app/$(BUNDLE_EXECUTABLE_FOLDER_PATH)/Selkhy";
			};
			name = Debug;
		};
		208033822A904ACC009298E0 /* Release */ = {
			isa = XCBuildConfiguration;
			buildSettings = {
				ALWAYS_EMBED_SWIFT_STANDARD_LIBRARIES = YES;
				BUNDLE_LOADER = "$(TEST_HOST)";
				CODE_SIGN_STYLE = Automatic;
				CURRENT_PROJECT_VERSION = 1;
				DEVELOPMENT_TEAM = Y6P5ZFWBM8;
				GENERATE_INFOPLIST_FILE = YES;
				IPHONEOS_DEPLOYMENT_TARGET = 16.4;
				MARKETING_VERSION = 1.0;
				PRODUCT_BUNDLE_IDENTIFIER = com.Kyubo.SelkhyTests;
				PRODUCT_NAME = "$(TARGET_NAME)";
				SWIFT_EMIT_LOC_STRINGS = NO;
				SWIFT_VERSION = 5.0;
				TARGETED_DEVICE_FAMILY = "1,2";
				TEST_HOST = "$(BUILT_PRODUCTS_DIR)/Selkhy.app/$(BUNDLE_EXECUTABLE_FOLDER_PATH)/Selkhy";
			};
			name = Release;
		};
		208033842A904ACC009298E0 /* Debug */ = {
			isa = XCBuildConfiguration;
			buildSettings = {
				ALWAYS_EMBED_SWIFT_STANDARD_LIBRARIES = YES;
				CODE_SIGN_STYLE = Automatic;
				CURRENT_PROJECT_VERSION = 1;
				DEVELOPMENT_TEAM = Y6P5ZFWBM8;
				GENERATE_INFOPLIST_FILE = YES;
				MARKETING_VERSION = 1.0;
				PRODUCT_BUNDLE_IDENTIFIER = com.Kyubo.SelkhyUITests;
				PRODUCT_NAME = "$(TARGET_NAME)";
				SWIFT_EMIT_LOC_STRINGS = NO;
				SWIFT_VERSION = 5.0;
				TARGETED_DEVICE_FAMILY = "1,2";
				TEST_TARGET_NAME = Selkhy;
			};
			name = Debug;
		};
		208033852A904ACC009298E0 /* Release */ = {
			isa = XCBuildConfiguration;
			buildSettings = {
				ALWAYS_EMBED_SWIFT_STANDARD_LIBRARIES = YES;
				CODE_SIGN_STYLE = Automatic;
				CURRENT_PROJECT_VERSION = 1;
				DEVELOPMENT_TEAM = Y6P5ZFWBM8;
				GENERATE_INFOPLIST_FILE = YES;
				MARKETING_VERSION = 1.0;
				PRODUCT_BUNDLE_IDENTIFIER = com.Kyubo.SelkhyUITests;
				PRODUCT_NAME = "$(TARGET_NAME)";
				SWIFT_EMIT_LOC_STRINGS = NO;
				SWIFT_VERSION = 5.0;
				TARGETED_DEVICE_FAMILY = "1,2";
				TEST_TARGET_NAME = Selkhy;
			};
			name = Release;
		};
/* End XCBuildConfiguration section */

/* Begin XCConfigurationList section */
		208033542A904ACA009298E0 /* Build configuration list for PBXProject "Selkhy" */ = {
			isa = XCConfigurationList;
			buildConfigurations = (
				2080337B2A904ACC009298E0 /* Debug */,
				2080337C2A904ACC009298E0 /* Release */,
			);
			defaultConfigurationIsVisible = 0;
			defaultConfigurationName = Release;
		};
		2080337D2A904ACC009298E0 /* Build configuration list for PBXNativeTarget "Selkhy" */ = {
			isa = XCConfigurationList;
			buildConfigurations = (
				2080337E2A904ACC009298E0 /* Debug */,
				2080337F2A904ACC009298E0 /* Release */,
			);
			defaultConfigurationIsVisible = 0;
			defaultConfigurationName = Release;
		};
		208033802A904ACC009298E0 /* Build configuration list for PBXNativeTarget "SelkhyTests" */ = {
			isa = XCConfigurationList;
			buildConfigurations = (
				208033812A904ACC009298E0 /* Debug */,
				208033822A904ACC009298E0 /* Release */,
			);
			defaultConfigurationIsVisible = 0;
			defaultConfigurationName = Release;
		};
		208033832A904ACC009298E0 /* Build configuration list for PBXNativeTarget "SelkhyUITests" */ = {
			isa = XCConfigurationList;
			buildConfigurations = (
				208033842A904ACC009298E0 /* Debug */,
				208033852A904ACC009298E0 /* Release */,
			);
			defaultConfigurationIsVisible = 0;
			defaultConfigurationName = Release;
		};
/* End XCConfigurationList section */
	};
	rootObject = 208033512A904ACA009298E0 /* Project object */;
}
